
Microsoft Visual Studio Solution File, Format Version 12.00
# Visual Studio 15
VisualStudioVersion = 15.0.28010.2036
MinimumVisualStudioVersion = 10.0.40219.1
Project("{9A19103F-16F7-4668-BE54-9A1E7A4F7556}") = "SuperSimpleStockMarket.Net", "SuperSimpleStockMarket.Net\SuperSimpleStockMarket.Net.csproj", "{BEF4CED1-CC73-4765-9B2B-75FEF3E50E4D}"
EndProject
Project("{9A19103F-16F7-4668-BE54-9A1E7A4F7556}") = "SuperSimpleStockMarket.Net.Domain", "SuperSimpleStockMarket.Net.Domain\SuperSimpleStockMarket.Net.Domain.csproj", "{F4102B29-82B7-4E3F-AD81-11D64070B0D1}"
EndProject
Project("{9A19103F-16F7-4668-BE54-9A1E7A4F7556}") = "SuperSimpleStockMarket.Net.Service", "SuperSimpleStockMarket.Net.Service\SuperSimpleStockMarket.Net.Service.csproj", "{74560467-F987-43E4-A34D-E9BE9BFC976E}"
EndProject
Project("{9A19103F-16F7-4668-BE54-9A1E7A4F7556}") = "SuperSimpleStockMarket.Net.Repository", "SuperSimpleStockMarket.Net.Repository\SuperSimpleStockMarket.Net.Repository.csproj", "{3EEE996A-E9A8-4FBB-9069-EC8FA51C0B3B}"
EndProject
Project("{FAE04EC0-301F-11D3-BF4B-00C04F79EFBC}") = "SuperSimpleStockMarket.Net.Service.Impl", "SuperSimpleStockMarket.Net.Service.Impl\SuperSimpleStockMarket.Net.Service.Impl.csproj", "{3D99C2C2-7A28-4BFA-98B6-70640F8A31EC}"
EndProject
Global
	GlobalSection(SolutionConfigurationPlatforms) = preSolution
		Debug|Any CPU = Debug|Any CPU
		Release|Any CPU = Release|Any CPU
	EndGlobalSection
	GlobalSection(ProjectConfigurationPlatforms) = postSolution
		{BEF4CED1-CC73-4765-9B2B-75FEF3E50E4D}.Debug|Any CPU.ActiveCfg = Debug|Any CPU
		{BEF4CED1-CC73-4765-9B2B-75FEF3E50E4D}.Debug|Any CPU.Build.0 = Debug|Any CPU
		{BEF4CED1-CC73-4765-9B2B-75FEF3E50E4D}.Release|Any CPU.ActiveCfg = Release|Any CPU
		{BEF4CED1-CC73-4765-9B2B-75FEF3E50E4D}.Release|Any CPU.Build.0 = Release|Any CPU
		{F4102B29-82B7-4E3F-AD81-11D64070B0D1}.Debug|Any CPU.ActiveCfg = Debug|Any CPU
		{F4102B29-82B7-4E3F-AD81-11D64070B0D1}.Debug|Any CPU.Build.0 = Debug|Any CPU
		{F4102B29-82B7-4E3F-AD81-11D64070B0D1}.Release|Any CPU.ActiveCfg = Release|Any CPU
		{F4102B29-82B7-4E3F-AD81-11D64070B0D1}.Release|Any CPU.Build.0 = Release|Any CPU
		{74560467-F987-43E4-A34D-E9BE9BFC976E}.Debug|Any CPU.ActiveCfg = Debug|Any CPU
		{74560467-F987-43E4-A34D-E9BE9BFC976E}.Debug|Any CPU.Build.0 = Debug|Any CPU
		{74560467-F987-43E4-A34D-E9BE9BFC976E}.Release|Any CPU.ActiveCfg = Release|Any CPU
		{74560467-F987-43E4-A34D-E9BE9BFC976E}.Release|Any CPU.Build.0 = Release|Any CPU
		{3EEE996A-E9A8-4FBB-9069-EC8FA51C0B3B}.Debug|Any CPU.ActiveCfg = Debug|Any CPU
		{3EEE996A-E9A8-4FBB-9069-EC8FA51C0B3B}.Debug|Any CPU.Build.0 = Debug|Any CPU
		{3EEE996A-E9A8-4FBB-9069-EC8FA51C0B3B}.Release|Any CPU.ActiveCfg = Release|Any CPU
		{3EEE996A-E9A8-4FBB-9069-EC8FA51C0B3B}.Release|Any CPU.Build.0 = Release|Any CPU
		{3D99C2C2-7A28-4BFA-98B6-70640F8A31EC}.Debug|Any CPU.ActiveCfg = Debug|Any CPU
		{3D99C2C2-7A28-4BFA-98B6-70640F8A31EC}.Debug|Any CPU.Build.0 = Debug|Any CPU
		{3D99C2C2-7A28-4BFA-98B6-70640F8A31EC}.Release|Any CPU.ActiveCfg = Release|Any CPU
		{3D99C2C2-7A28-4BFA-98B6-70640F8A31EC}.Release|Any CPU.Build.0 = Release|Any CPU
	EndGlobalSection
	GlobalSection(SolutionProperties) = preSolution
		HideSolutionNode = FALSE
	EndGlobalSection
	GlobalSection(ExtensibilityGlobals) = postSolution
		SolutionGuid = {49B0BD10-06DE-450B-A0C5-BD2391EE97AB}
	EndGlobalSection
EndGlobal
